
Microsoft Visual Studio Solution File, Format Version 12.00
# Visual Studio 15
VisualStudioVersion = 15.0.28010.2016
MinimumVisualStudioVersion = 10.0.40219.1
Project("{8BC9CEB8-8B4A-11D0-8D11-00A0C91BC942}") = "OpOverLoad", "OpOverLoad\OpOverLoad.vcxproj", "{013BAB3A-A2C9-4502-8A87-64CC0283EBBD}"
EndProject
Project("{8BC9CEB8-8B4A-11D0-8D11-00A0C91BC942}") = "CnD", "CnD\raygame.vcxproj", "{100AB646-1529-43F3-B9D1-2C0A798642FF}"
EndProject
Project("{8BC9CEB8-8B4A-11D0-8D11-00A0C91BC942}") = "DeepvShallow", "DeepvShallow\DeepvShallow.vcxproj", "{8E6040A3-E180-4DEA-B591-4B37A9324580}"
EndProject
Project("{8BC9CEB8-8B4A-11D0-8D11-00A0C91BC942}") = "ConversionsNCasting", "ConversionsNCasting\ConversionsNCasting.vcxproj", "{3B01B757-3364-44AC-8221-40F31BC565B6}"
EndProject
Project("{8BC9CEB8-8B4A-11D0-8D11-00A0C91BC942}") = "Inheritance", "Inheritance\Inheritance.vcxproj", "{99978C6C-90C3-4C20-8D21-3696117427C1}"
EndProject
Project("{8BC9CEB8-8B4A-11D0-8D11-00A0C91BC942}") = "DynamicArrays", "DynamicArrays\DynamicArrays.vcxproj", "{DD6DC80E-9A51-4C8F-B782-18A24F4B0060}"
EndProject
Project("{8BC9CEB8-8B4A-11D0-8D11-00A0C91BC942}") = "Polymorphism", "Polymorphism\Polymorphism.vcxproj", "{F243F256-B1CB-4B04-A20A-AEEFC9CBFFED}"
EndProject
Project("{8BC9CEB8-8B4A-11D0-8D11-00A0C91BC942}") = "Templates", "Templates\Templates.vcxproj", "{2AE7440D-7F12-4737-94B4-1CF045B456E3}"
EndProject
Project("{8BC9CEB8-8B4A-11D0-8D11-00A0C91BC942}") = "magicStuff", "magicStuff\magicStuff.vcxproj", "{657FA97D-282C-4AF8-8D85-A02FABF7CD37}"
EndProject
Global
	GlobalSection(SolutionConfigurationPlatforms) = preSolution
		Debug|x64 = Debug|x64
		Debug|x86 = Debug|x86
		Release|x64 = Release|x64
		Release|x86 = Release|x86
	EndGlobalSection
	GlobalSection(ProjectConfigurationPlatforms) = postSolution
		{013BAB3A-A2C9-4502-8A87-64CC0283EBBD}.Debug|x64.ActiveCfg = Debug|x64
		{013BAB3A-A2C9-4502-8A87-64CC0283EBBD}.Debug|x64.Build.0 = Debug|x64
		{013BAB3A-A2C9-4502-8A87-64CC0283EBBD}.Debug|x86.ActiveCfg = Debug|Win32
		{013BAB3A-A2C9-4502-8A87-64CC0283EBBD}.Debug|x86.Build.0 = Debug|Win32
		{013BAB3A-A2C9-4502-8A87-64CC0283EBBD}.Release|x64.ActiveCfg = Release|x64
		{013BAB3A-A2C9-4502-8A87-64CC0283EBBD}.Release|x64.Build.0 = Release|x64
		{013BAB3A-A2C9-4502-8A87-64CC0283EBBD}.Release|x86.ActiveCfg = Release|Win32
		{013BAB3A-A2C9-4502-8A87-64CC0283EBBD}.Release|x86.Build.0 = Release|Win32
		{100AB646-1529-43F3-B9D1-2C0A798642FF}.Debug|x64.ActiveCfg = Debug|x64
		{100AB646-1529-43F3-B9D1-2C0A798642FF}.Debug|x64.Build.0 = Debug|x64
		{100AB646-1529-43F3-B9D1-2C0A798642FF}.Debug|x86.ActiveCfg = Debug|Win32
		{100AB646-1529-43F3-B9D1-2C0A798642FF}.Debug|x86.Build.0 = Debug|Win32
		{100AB646-1529-43F3-B9D1-2C0A798642FF}.Release|x64.ActiveCfg = Release|x64
		{100AB646-1529-43F3-B9D1-2C0A798642FF}.Release|x64.Build.0 = Release|x64
		{100AB646-1529-43F3-B9D1-2C0A798642FF}.Release|x86.ActiveCfg = Release|Win32
		{100AB646-1529-43F3-B9D1-2C0A798642FF}.Release|x86.Build.0 = Release|Win32
		{8E6040A3-E180-4DEA-B591-4B37A9324580}.Debug|x64.ActiveCfg = Debug|x64
		{8E6040A3-E180-4DEA-B591-4B37A9324580}.Debug|x64.Build.0 = Debug|x64
		{8E6040A3-E180-4DEA-B591-4B37A9324580}.Debug|x86.ActiveCfg = Debug|Win32
		{8E6040A3-E180-4DEA-B591-4B37A9324580}.Debug|x86.Build.0 = Debug|Win32
		{8E6040A3-E180-4DEA-B591-4B37A9324580}.Release|x64.ActiveCfg = Release|x64
		{8E6040A3-E180-4DEA-B591-4B37A9324580}.Release|x64.Build.0 = Release|x64
		{8E6040A3-E180-4DEA-B591-4B37A9324580}.Release|x86.ActiveCfg = Release|Win32
		{8E6040A3-E180-4DEA-B591-4B37A9324580}.Release|x86.Build.0 = Release|Win32
		{3B01B757-3364-44AC-8221-40F31BC565B6}.Debug|x64.ActiveCfg = Debug|x64
		{3B01B757-3364-44AC-8221-40F31BC565B6}.Debug|x64.Build.0 = Debug|x64
		{3B01B757-3364-44AC-8221-40F31BC565B6}.Debug|x86.ActiveCfg = Debug|Win32
		{3B01B757-3364-44AC-8221-40F31BC565B6}.Debug|x86.Build.0 = Debug|Win32
		{3B01B757-3364-44AC-8221-40F31BC565B6}.Release|x64.ActiveCfg = Release|x64
		{3B01B757-3364-44AC-8221-40F31BC565B6}.Release|x64.Build.0 = Release|x64
		{3B01B757-3364-44AC-8221-40F31BC565B6}.Release|x86.ActiveCfg = Release|Win32
		{3B01B757-3364-44AC-8221-40F31BC565B6}.Release|x86.Build.0 = Release|Win32
		{99978C6C-90C3-4C20-8D21-3696117427C1}.Debug|x64.ActiveCfg = Debug|x64
		{99978C6C-90C3-4C20-8D21-3696117427C1}.Debug|x64.Build.0 = Debug|x64
		{99978C6C-90C3-4C20-8D21-3696117427C1}.Debug|x86.ActiveCfg = Debug|Win32
		{99978C6C-90C3-4C20-8D21-3696117427C1}.Debug|x86.Build.0 = Debug|Win32
		{99978C6C-90C3-4C20-8D21-3696117427C1}.Release|x64.ActiveCfg = Release|x64
		{99978C6C-90C3-4C20-8D21-3696117427C1}.Release|x64.Build.0 = Release|x64
		{99978C6C-90C3-4C20-8D21-3696117427C1}.Release|x86.ActiveCfg = Release|Win32
		{99978C6C-90C3-4C20-8D21-3696117427C1}.Release|x86.Build.0 = Release|Win32
		{DD6DC80E-9A51-4C8F-B782-18A24F4B0060}.Debug|x64.ActiveCfg = Debug|x64
		{DD6DC80E-9A51-4C8F-B782-18A24F4B0060}.Debug|x64.Build.0 = Debug|x64
		{DD6DC80E-9A51-4C8F-B782-18A24F4B0060}.Debug|x86.ActiveCfg = Debug|Win32
		{DD6DC80E-9A51-4C8F-B782-18A24F4B0060}.Debug|x86.Build.0 = Debug|Win32
		{DD6DC80E-9A51-4C8F-B782-18A24F4B0060}.Release|x64.ActiveCfg = Release|x64
		{DD6DC80E-9A51-4C8F-B782-18A24F4B0060}.Release|x64.Build.0 = Release|x64
		{DD6DC80E-9A51-4C8F-B782-18A24F4B0060}.Release|x86.ActiveCfg = Release|Win32
		{DD6DC80E-9A51-4C8F-B782-18A24F4B0060}.Release|x86.Build.0 = Release|Win32
		{F243F256-B1CB-4B04-A20A-AEEFC9CBFFED}.Debug|x64.ActiveCfg = Debug|x64
		{F243F256-B1CB-4B04-A20A-AEEFC9CBFFED}.Debug|x64.Build.0 = Debug|x64
		{F243F256-B1CB-4B04-A20A-AEEFC9CBFFED}.Debug|x86.ActiveCfg = Debug|Win32
		{F243F256-B1CB-4B04-A20A-AEEFC9CBFFED}.Debug|x86.Build.0 = Debug|Win32
		{F243F256-B1CB-4B04-A20A-AEEFC9CBFFED}.Release|x64.ActiveCfg = Release|x64
		{F243F256-B1CB-4B04-A20A-AEEFC9CBFFED}.Release|x64.Build.0 = Release|x64
		{F243F256-B1CB-4B04-A20A-AEEFC9CBFFED}.Release|x86.ActiveCfg = Release|Win32
		{F243F256-B1CB-4B04-A20A-AEEFC9CBFFED}.Release|x86.Build.0 = Release|Win32
		{2AE7440D-7F12-4737-94B4-1CF045B456E3}.Debug|x64.ActiveCfg = Debug|x64
		{2AE7440D-7F12-4737-94B4-1CF045B456E3}.Debug|x64.Build.0 = Debug|x64
		{2AE7440D-7F12-4737-94B4-1CF045B456E3}.Debug|x86.ActiveCfg = Debug|Win32
		{2AE7440D-7F12-4737-94B4-1CF045B456E3}.Debug|x86.Build.0 = Debug|Win32
		{2AE7440D-7F12-4737-94B4-1CF045B456E3}.Release|x64.ActiveCfg = Release|x64
		{2AE7440D-7F12-4737-94B4-1CF045B456E3}.Release|x64.Build.0 = Release|x64
		{2AE7440D-7F12-4737-94B4-1CF045B456E3}.Release|x86.ActiveCfg = Release|Win32
		{2AE7440D-7F12-4737-94B4-1CF045B456E3}.Release|x86.Build.0 = Release|Win32
		{657FA97D-282C-4AF8-8D85-A02FABF7CD37}.Debug|x64.ActiveCfg = Debug|x64
		{657FA97D-282C-4AF8-8D85-A02FABF7CD37}.Debug|x64.Build.0 = Debug|x64
		{657FA97D-282C-4AF8-8D85-A02FABF7CD37}.Debug|x86.ActiveCfg = Debug|Win32
		{657FA97D-282C-4AF8-8D85-A02FABF7CD37}.Debug|x86.Build.0 = Debug|Win32
		{657FA97D-282C-4AF8-8D85-A02FABF7CD37}.Release|x64.ActiveCfg = Release|x64
		{657FA97D-282C-4AF8-8D85-A02FABF7CD37}.Release|x64.Build.0 = Release|x64
		{657FA97D-282C-4AF8-8D85-A02FABF7CD37}.Release|x86.ActiveCfg = Release|Win32
		{657FA97D-282C-4AF8-8D85-A02FABF7CD37}.Release|x86.Build.0 = Release|Win32
	EndGlobalSection
	GlobalSection(SolutionProperties) = preSolution
		HideSolutionNode = FALSE
	EndGlobalSection
	GlobalSection(ExtensibilityGlobals) = postSolution
		SolutionGuid = {2B7D185B-8DCA-4523-AF9D-1D81DEF37C04}
	EndGlobalSection
EndGlobal
